
Microsoft Visual Studio Solution File, Format Version 12.00
# Visual Studio Version 16
VisualStudioVersion = 25.0.1706.14
MinimumVisualStudioVersion = 10.0.40219.1
Project("{FAE04EC0-301F-11D3-BF4B-00C04F79EFBC}") = "EmployeeRegisteration", "EmployeeRegisteration\EmployeeRegisteration.csproj", "{5B5DAC7D-8714-4F07-89AE-34F5DE0E3F5E}"
EndProject
Project("{FAE04EC0-301F-11D3-BF4B-00C04F79EFBC}") = "BusinessLayer", "BusinessLayer\BusinessLayer.csproj", "{FA824A63-FC6E-496B-B817-F4419B5EEA25}"
EndProject
Project("{FAE04EC0-301F-11D3-BF4B-00C04F79EFBC}") = "RepositoryLayer", "RepositoryLayer\RepositoryLayer.csproj", "{06690C5B-E83E-42DD-A5EA-9C99DCB61B5A}"
EndProject
Project("{FAE04EC0-301F-11D3-BF4B-00C04F79EFBC}") = "ModelLayer", "ModelLayer\ModelLayer.csproj", "{020E6B85-E384-44E1-81E8-413B04DF185D}"
EndProject
Global
	GlobalSection(SolutionConfigurationPlatforms) = preSolution
		Debug|Any CPU = Debug|Any CPU
		Release|Any CPU = Release|Any CPU
	EndGlobalSection
	GlobalSection(ProjectConfigurationPlatforms) = postSolution
		{5B5DAC7D-8714-4F07-89AE-34F5DE0E3F5E}.Debug|Any CPU.ActiveCfg = Debug|Any CPU
		{5B5DAC7D-8714-4F07-89AE-34F5DE0E3F5E}.Debug|Any CPU.Build.0 = Debug|Any CPU
		{5B5DAC7D-8714-4F07-89AE-34F5DE0E3F5E}.Release|Any CPU.ActiveCfg = Release|Any CPU
		{5B5DAC7D-8714-4F07-89AE-34F5DE0E3F5E}.Release|Any CPU.Build.0 = Release|Any CPU
		{FA824A63-FC6E-496B-B817-F4419B5EEA25}.Debug|Any CPU.ActiveCfg = Debug|Any CPU
		{FA824A63-FC6E-496B-B817-F4419B5EEA25}.Debug|Any CPU.Build.0 = Debug|Any CPU
		{FA824A63-FC6E-496B-B817-F4419B5EEA25}.Release|Any CPU.ActiveCfg = Release|Any CPU
		{FA824A63-FC6E-496B-B817-F4419B5EEA25}.Release|Any CPU.Build.0 = Release|Any CPU
		{06690C5B-E83E-42DD-A5EA-9C99DCB61B5A}.Debug|Any CPU.ActiveCfg = Debug|Any CPU
		{06690C5B-E83E-42DD-A5EA-9C99DCB61B5A}.Debug|Any CPU.Build.0 = Debug|Any CPU
		{06690C5B-E83E-42DD-A5EA-9C99DCB61B5A}.Release|Any CPU.ActiveCfg = Release|Any CPU
		{06690C5B-E83E-42DD-A5EA-9C99DCB61B5A}.Release|Any CPU.Build.0 = Release|Any CPU
		{020E6B85-E384-44E1-81E8-413B04DF185D}.Debug|Any CPU.ActiveCfg = Debug|Any CPU
		{020E6B85-E384-44E1-81E8-413B04DF185D}.Debug|Any CPU.Build.0 = Debug|Any CPU
		{020E6B85-E384-44E1-81E8-413B04DF185D}.Release|Any CPU.ActiveCfg = Release|Any CPU
		{020E6B85-E384-44E1-81E8-413B04DF185D}.Release|Any CPU.Build.0 = Release|Any CPU
	EndGlobalSection
	GlobalSection(SolutionProperties) = preSolution
		HideSolutionNode = FALSE
	EndGlobalSection
	GlobalSection(ExtensibilityGlobals) = postSolution
		SolutionGuid = {B0B4042D-769B-4198-B8B1-C619264B5B41}
	EndGlobalSection
EndGlobal
